
Microsoft Visual Studio Solution File, Format Version 12.00
# Visual Studio 15
Project("{FAE04EC0-301F-11D3-BF4B-00C04F79EFBC}") = "Assembly-CSharp", "Assembly-CSharp.csproj", "{8DBBEB91-9224-A876-42B3-D0667E22B761}"
EndProject
Project("{FAE04EC0-301F-11D3-BF4B-00C04F79EFBC}") = "AimingRig", "AimingRig.csproj", "{013FFB08-5217-283D-73BE-1823FAC7DDD5}"
EndProject
Project("{FAE04EC0-301F-11D3-BF4B-00C04F79EFBC}") = "Assembly-CSharp-Editor", "Assembly-CSharp-Editor.csproj", "{82840272-7AAB-2A40-54E6-4A2A9BCFD7F5}"
EndProject
Global
	GlobalSection(SolutionConfigurationPlatforms) = preSolution
		Debug|Any CPU = Debug|Any CPU
		Release|Any CPU = Release|Any CPU
	EndGlobalSection
	GlobalSection(ProjectConfigurationPlatforms) = postSolution
		{8DBBEB91-9224-A876-42B3-D0667E22B761}.Debug|Any CPU.ActiveCfg = Debug|Any CPU
		{8DBBEB91-9224-A876-42B3-D0667E22B761}.Debug|Any CPU.Build.0 = Debug|Any CPU
		{8DBBEB91-9224-A876-42B3-D0667E22B761}.Release|Any CPU.ActiveCfg = Release|Any CPU
		{8DBBEB91-9224-A876-42B3-D0667E22B761}.Release|Any CPU.Build.0 = Release|Any CPU
		{013FFB08-5217-283D-73BE-1823FAC7DDD5}.Debug|Any CPU.ActiveCfg = Debug|Any CPU
		{013FFB08-5217-283D-73BE-1823FAC7DDD5}.Debug|Any CPU.Build.0 = Debug|Any CPU
		{013FFB08-5217-283D-73BE-1823FAC7DDD5}.Release|Any CPU.ActiveCfg = Release|Any CPU
		{013FFB08-5217-283D-73BE-1823FAC7DDD5}.Release|Any CPU.Build.0 = Release|Any CPU
		{82840272-7AAB-2A40-54E6-4A2A9BCFD7F5}.Debug|Any CPU.ActiveCfg = Debug|Any CPU
		{82840272-7AAB-2A40-54E6-4A2A9BCFD7F5}.Debug|Any CPU.Build.0 = Debug|Any CPU
		{82840272-7AAB-2A40-54E6-4A2A9BCFD7F5}.Release|Any CPU.ActiveCfg = Release|Any CPU
		{82840272-7AAB-2A40-54E6-4A2A9BCFD7F5}.Release|Any CPU.Build.0 = Release|Any CPU
	EndGlobalSection
	GlobalSection(SolutionProperties) = preSolution
		HideSolutionNode = FALSE
	EndGlobalSection
EndGlobal
